
Microsoft Visual Studio Solution File, Format Version 12.00
# Visual Studio Version 17
VisualStudioVersion = 17.0.31903.59
MinimumVisualStudioVersion = 10.0.40219.1
Project("{FAE04EC0-301F-11D3-BF4B-00C04F79EFBC}") = "Base64Serial", "Base64Serial\Base64Serial.csproj", "{83920B85-FAF8-4F2A-A2BF-63609079F74B}"
EndProject
Global
	GlobalSection(SolutionConfigurationPlatforms) = preSolution
		Debug|Any CPU = Debug|Any CPU
		Release|Any CPU = Release|Any CPU
	EndGlobalSection
	GlobalSection(ProjectConfigurationPlatforms) = postSolution
		{83920B85-FAF8-4F2A-A2BF-63609079F74B}.Debug|Any CPU.ActiveCfg = Debug|Any CPU
		{83920B85-FAF8-4F2A-A2BF-63609079F74B}.Debug|Any CPU.Build.0 = Debug|Any CPU
		{83920B85-FAF8-4F2A-A2BF-63609079F74B}.Release|Any CPU.ActiveCfg = Release|Any CPU
		{83920B85-FAF8-4F2A-A2BF-63609079F74B}.Release|Any CPU.Build.0 = Release|Any CPU
	EndGlobalSection
	GlobalSection(SolutionProperties) = preSolution
		HideSolutionNode = FALSE
	EndGlobalSection
	GlobalSection(ExtensibilityGlobals) = postSolution
		SolutionGuid = {BCBE7388-FFD2-4D69-A7B0-FEAF33F06A50}
	EndGlobalSection
EndGlobal
