
Microsoft Visual Studio Solution File, Format Version 12.00
# Visual Studio Version 17
VisualStudioVersion = 17.0.31903.59
MinimumVisualStudioVersion = 10.0.40219.1
Project("{FAE04EC0-301F-11D3-BF4B-00C04F79EFBC}") = "Base24Serial", "Base24Serial\Base24Serial.csproj", "{3DA9E7D4-E124-4D38-98FE-DCB66CB898F7}"
EndProject
Global
	GlobalSection(SolutionProperties) = preSolution
		HideSolutionNode = FALSE
	EndGlobalSection
	GlobalSection(ExtensibilityGlobals) = postSolution
		SolutionGuid = {BCBE7388-FFD2-4D69-A7B0-FEAF33F06A50}
	EndGlobalSection
	GlobalSection(SolutionConfigurationPlatforms) = preSolution
		Debug|Any CPU = Debug|Any CPU
		Debug|x64 = Debug|x64
		Debug|x86 = Debug|x86
		Release|Any CPU = Release|Any CPU
		Release|x64 = Release|x64
		Release|x86 = Release|x86
	EndGlobalSection
	GlobalSection(ProjectConfigurationPlatforms) = postSolution
		{3DA9E7D4-E124-4D38-98FE-DCB66CB898F7}.Debug|Any CPU.ActiveCfg = Debug|Any CPU
		{3DA9E7D4-E124-4D38-98FE-DCB66CB898F7}.Debug|Any CPU.Build.0 = Debug|Any CPU
		{3DA9E7D4-E124-4D38-98FE-DCB66CB898F7}.Debug|x64.ActiveCfg = Debug|Any CPU
		{3DA9E7D4-E124-4D38-98FE-DCB66CB898F7}.Debug|x64.Build.0 = Debug|Any CPU
		{3DA9E7D4-E124-4D38-98FE-DCB66CB898F7}.Debug|x86.ActiveCfg = Debug|Any CPU
		{3DA9E7D4-E124-4D38-98FE-DCB66CB898F7}.Debug|x86.Build.0 = Debug|Any CPU
		{3DA9E7D4-E124-4D38-98FE-DCB66CB898F7}.Release|Any CPU.ActiveCfg = Release|Any CPU
		{3DA9E7D4-E124-4D38-98FE-DCB66CB898F7}.Release|Any CPU.Build.0 = Release|Any CPU
		{3DA9E7D4-E124-4D38-98FE-DCB66CB898F7}.Release|x64.ActiveCfg = Release|Any CPU
		{3DA9E7D4-E124-4D38-98FE-DCB66CB898F7}.Release|x64.Build.0 = Release|Any CPU
		{3DA9E7D4-E124-4D38-98FE-DCB66CB898F7}.Release|x86.ActiveCfg = Release|Any CPU
		{3DA9E7D4-E124-4D38-98FE-DCB66CB898F7}.Release|x86.Build.0 = Release|Any CPU
	EndGlobalSection
EndGlobal
